
Microsoft Visual Studio Solution File, Format Version 11.00
# Visual Studio 2010
Project("{8BC9CEB8-8B4A-11D0-8D11-00A0C91BC942}") = "WeeDiff", "WeeDiff\WeeDiff\WeeDiff.vcxproj", "{EE433D9B-3B6F-468F-9ACD-C664D37E030D}"
EndProject
Project("{8BC9CEB8-8B4A-11D0-8D11-00A0C91BC942}") = "WeeDiffGen", "WeeDiff\WeeDiffGen\WeeDiffGen.vcxproj", "{33DB0806-DF25-49A2-AEED-FB32D4A0B93B}"
EndProject
Project("{2150E333-8FDC-42A3-9474-1A3956D46DE8}") = "WeeDiffGenPlugins", "WeeDiffGenPlugins", "{F617A8DA-86F5-4F4F-B542-4BDADB263210}"
EndProject
Project("{8BC9CEB8-8B4A-11D0-8D11-00A0C91BC942}") = "WeeDiffPlain", "WeeDiff\WeeDiffPlain\WeeDiffPlain.vcxproj", "{DB4EEF31-A3E3-4B1B-B4AE-9F3B1FF31726}"
EndProject
Project("{8BC9CEB8-8B4A-11D0-8D11-00A0C91BC942}") = "WDGAllowChatFlood", "WeeDiff\WeeDiffGen\WeeDiffGen\WDGAllowChatFlood\WDGAllowChatFlood.vcxproj", "{649CB795-B877-44EA-B18E-C2F6CA9FBC9B}"
EndProject
Project("{8BC9CEB8-8B4A-11D0-8D11-00A0C91BC942}") = "WDGAllowMultipleWindows", "WeeDiff\WeeDiffGen\WeeDiffGen\WDGAllowMultipleWindows\WDGAllowMultipleWindows.vcxproj", "{EBEF97E1-B383-44CD-AF0B-86CBD0AD4E78}"
EndProject
Project("{8BC9CEB8-8B4A-11D0-8D11-00A0C91BC942}") = "WDGAlwaysCallSelectKoreaClientInfo", "WeeDiff\WeeDiffGen\WeeDiffGen\WDGAlwaysCallSelectKoreaClientInfo\WDGAlwaysCallSelectKoreaClientInfo.vcxproj", "{D15D55EC-574B-4FCF-9F9E-118C992E40D2}"
EndProject
Project("{8BC9CEB8-8B4A-11D0-8D11-00A0C91BC942}") = "WDGCustomWindowTitle", "WeeDiff\WeeDiffGen\WeeDiffGen\WDGCustomWindowTitle\WDGCustomWindowTitle.vcxproj", "{3DA84D20-B038-401E-BF01-5E9646F5D014}"
EndProject
Project("{8BC9CEB8-8B4A-11D0-8D11-00A0C91BC942}") = "WDGDisable1rag1", "WeeDiff\WeeDiffGen\WeeDiffGen\WDGDisable1rag1\WDGDisable1rag1.vcxproj", "{A1459148-5AD4-47F0-9C7C-1120A2F2A827}"
EndProject
Project("{8BC9CEB8-8B4A-11D0-8D11-00A0C91BC942}") = "WDGDisable4LetterUserCharacterLimit", "WeeDiff\WeeDiffGen\WeeDiffGen\WDGDisable4LetterUserCharacterLimit\WDGDisable4LetterUserCharacterLimit.vcxproj", "{C4659A1A-83C9-45F6-9D0E-25235AF0C334}"
EndProject
Project("{8BC9CEB8-8B4A-11D0-8D11-00A0C91BC942}") = "WDGDisable4LetterUserIDLimit", "WeeDiff\WeeDiffGen\WeeDiffGen\WDGDisable4LetterUserIDLimit\WDGDisable4LetterUserIDLimit.vcxproj", "{5F47FFB1-96F1-49B6-8F3D-E70EF796B6E0}"
EndProject
Project("{8BC9CEB8-8B4A-11D0-8D11-00A0C91BC942}") = "WDGDisable4LetterUserPasswordLimit", "WeeDiff\WeeDiffGen\WeeDiffGen\WDGDisable4LetterUserPasswordLimit\WDGDisable4LetterUserPasswordLimit.vcxproj", "{5F94B6F5-E0CE-434C-8203-404EC619FEA9}"
EndProject
Project("{8BC9CEB8-8B4A-11D0-8D11-00A0C91BC942}") = "WDGDisableFilenameCheck", "WeeDiff\WeeDiffGen\WeeDiffGen\WDGDisableFilenameCheck\WDGDisableFilenameCheck.vcxproj", "{FE20B167-2635-4F0D-8E63-1EFF24EB77B8}"
EndProject
Project("{8BC9CEB8-8B4A-11D0-8D11-00A0C91BC942}") = "WDGDisableHallucinationWavyScreen", "WeeDiff\WeeDiffGen\WeeDiffGen\WDGDisableHallucinationWavyScreen\WDGDisableHallucinationWavyScreen.vcxproj", "{5CA4BE01-9AC8-45D8-8619-478C2500BEB4}"
EndProject
Project("{8BC9CEB8-8B4A-11D0-8D11-00A0C91BC942}") = "WDGDisableHShield", "WeeDiff\WeeDiffGen\WeeDiffGen\WDGDisableHShield\WDGDisableHShield.vcxproj", "{338D38B1-ABE1-40C8-9E34-8309948A66CA}"
EndProject
Project("{8BC9CEB8-8B4A-11D0-8D11-00A0C91BC942}") = "WDGDisableSwearFilter", "WeeDiff\WeeDiffGen\WeeDiffGen\WDGDisableSwearFilter\WDGDisableSwearFilter.vcxproj", "{0BC38319-B3D2-49A9-8471-E2DA30A3C526}"
EndProject
Project("{8BC9CEB8-8B4A-11D0-8D11-00A0C91BC942}") = "WDGEnableMultipleGRF", "WeeDiff\WeeDiffGen\WeeDiffGen\WDGEnableMultipleGRF\WDGEnableMultipleGRF.vcxproj", "{93104FD4-91E1-4C02-94EE-2FF178773597}"
EndProject
Project("{8BC9CEB8-8B4A-11D0-8D11-00A0C91BC942}") = "WDGEnableOfficialCustomFonts", "WeeDiff\WeeDiffGen\WeeDiffGen\WDGEnableOfficialCustomFonts\WDGEnableOfficialCustomFonts.vcxproj", "{495435A6-CEED-4D63-A21F-B545677D18CF}"
EndProject
Project("{8BC9CEB8-8B4A-11D0-8D11-00A0C91BC942}") = "WDGEnableTitleBarMenu", "WeeDiff\WeeDiffGen\WeeDiffGen\WDGEnableTitleBarMenu\WDGEnableTitleBarMenu.vcxproj", "{7A2F3F22-B90B-457E-92FA-BB755FFBE393}"
EndProject
Project("{8BC9CEB8-8B4A-11D0-8D11-00A0C91BC942}") = "WDGExtendedChatBox", "WeeDiff\WeeDiffGen\WeeDiffGen\WDGExtendedChatBox\WDGExtendedChatBox.vcxproj", "{53169EB2-9862-40B1-8F66-ABC67D68AEFA}"
EndProject
Project("{8BC9CEB8-8B4A-11D0-8D11-00A0C91BC942}") = "WDGExtendedChatRoomBox", "WeeDiff\WeeDiffGen\WeeDiffGen\WDGExtendedChatRoomBox\WDGExtendedChatRoomBox.vcxproj", "{02B19A82-07EB-4C30-BA98-ABC662A35F45}"
EndProject
Project("{8BC9CEB8-8B4A-11D0-8D11-00A0C91BC942}") = "WDGExtendedPMBox", "WeeDiff\WeeDiffGen\WeeDiffGen\WDGExtendedPMBox\WDGExtendedPMBox.vcxproj", "{4CA3E0AA-A3C4-4CEB-B92F-048AC5BC68B6}"
EndProject
Project("{8BC9CEB8-8B4A-11D0-8D11-00A0C91BC942}") = "WDGFixCameraAnglesFull", "WeeDiff\WeeDiffGen\WeeDiffGen\WDGFixCameraAnglesFull\WDGFixCameraAnglesFull.vcxproj", "{20601DAD-FCB7-4B09-9D85-3E6E69269AFB}"
EndProject
Project("{8BC9CEB8-8B4A-11D0-8D11-00A0C91BC942}") = "WDGFixCameraAnglesLess", "WeeDiff\WeeDiffGen\WeeDiffGen\WDGFixCameraAnglesLess\WDGFixCameraAnglesLess.vcxproj", "{1DCB2F1D-4EFB-48FF-8B35-A712F968B1FF}"
EndProject
Project("{8BC9CEB8-8B4A-11D0-8D11-00A0C91BC942}") = "WDGFixCameraAnglesMedium", "WeeDiff\WeeDiffGen\WeeDiffGen\WDGFixCameraAnglesMedium\WDGFixCameraAnglesMedium.vcxproj", "{55FDE174-BC4B-4309-ACE6-15AA0E118BAB}"
EndProject
Project("{8BC9CEB8-8B4A-11D0-8D11-00A0C91BC942}") = "WDGHKLMtoHKCU", "WeeDiff\WeeDiffGen\WeeDiffGen\WDGHKLMtoHKCU\WDGHKLMtoHKCU.vcxproj", "{7D6F26BC-B8E3-44C8-9342-65D71C1F2F0A}"
EndProject
Project("{8BC9CEB8-8B4A-11D0-8D11-00A0C91BC942}") = "WDGIncreaseHeadgearViewID", "WeeDiff\WeeDiffGen\WeeDiffGen\WDGIncreaseHeadgearViewID\WDGIncreaseHeadgearViewID.vcxproj", "{917A49F1-ABAB-4D20-AA8E-97DABBBAEED6}"
EndProject
Project("{8BC9CEB8-8B4A-11D0-8D11-00A0C91BC942}") = "WDGIncreaseZoomOut50Per", "WeeDiff\WeeDiffGen\WeeDiffGen\WDGIncreaseZoomOut50Per\WDGIncreaseZoomOut50Per.vcxproj", "{E19101C9-C8B2-426C-AEAF-67C9A2DCE066}"
EndProject
Project("{8BC9CEB8-8B4A-11D0-8D11-00A0C91BC942}") = "WDGIncreaseZoomOut75Per", "WeeDiff\WeeDiffGen\WeeDiffGen\WDGIncreaseZoomOut75Per\WDGIncreaseZoomOut75Per.vcxproj", "{03230BCB-6A20-4E2B-BE8D-1F961E86F44A}"
EndProject
Project("{8BC9CEB8-8B4A-11D0-8D11-00A0C91BC942}") = "WDGIncreaseZoomOutMax", "WeeDiff\WeeDiffGen\WeeDiffGen\WDGIncreaseZoomOutMax\WDGIncreaseZoomOutMax.vcxproj", "{EB2547B9-4D70-4A7D-A513-2F73B8997E7D}"
EndProject
Project("{8BC9CEB8-8B4A-11D0-8D11-00A0C91BC942}") = "WDGLoadLUABeforeLUB", "WeeDiff\WeeDiffGen\WeeDiffGen\WDGLoadLUABeforeLUB\WDGLoadLUABeforeLUB.vcxproj", "{9DD5109A-5E72-4C23-9B68-BD5A7EE4E4D8}"
EndProject
Project("{8BC9CEB8-8B4A-11D0-8D11-00A0C91BC942}") = "WDGReadDataFolderFirst", "WeeDiff\WeeDiffGen\WeeDiffGen\WDGReadDataFolderFirst\WDGReadDataFolderFirst.vcxproj", "{525D3404-3998-4368-BDDD-9EC85FDD2DC8}"
EndProject
Project("{8BC9CEB8-8B4A-11D0-8D11-00A0C91BC942}") = "WDGReadMsgStringTable", "WeeDiff\WeeDiffGen\WeeDiffGen\WDGReadMsgStringTable\WDGReadMsgStringTable.vcxproj", "{35E0249A-3B5E-4225-A854-5A3E8CD491F5}"
EndProject
Project("{8BC9CEB8-8B4A-11D0-8D11-00A0C91BC942}") = "WDGReadQuestTable", "WeeDiff\WeeDiffGen\WeeDiffGen\WDGReadQuestTable\WDGReadQuestTable.vcxproj", "{EB21D561-5E3E-400C-A56E-D949E0C3582A}"
EndProject
Project("{8BC9CEB8-8B4A-11D0-8D11-00A0C91BC942}") = "WDGRemoveGravityAds", "WeeDiff\WeeDiffGen\WeeDiffGen\WDGRemoveGravityAds\WDGRemoveGravityAds.vcxproj", "{9DDF54D4-4029-4595-94FB-E7CE440AE95C}"
EndProject
Project("{8BC9CEB8-8B4A-11D0-8D11-00A0C91BC942}") = "WDGRemoveGravityLogo", "WeeDiff\WeeDiffGen\WeeDiffGen\WDGRemoveGravityLogo\WDGRemoveGravityLogo.vcxproj", "{1AF89733-5804-4029-9564-B266DFDBF7A4}"
EndProject
Project("{8BC9CEB8-8B4A-11D0-8D11-00A0C91BC942}") = "WDGRestoreLoginWindow", "WeeDiff\WeeDiffGen\WeeDiffGen\WDGRestoreLoginWindow\WDGRestoreLoginWindow.vcxproj", "{BBD1FEF3-0196-4BF4-919E-214889C473BC}"
EndProject
Project("{8BC9CEB8-8B4A-11D0-8D11-00A0C91BC942}") = "WDGSkipLicenseScreen", "WeeDiff\WeeDiffGen\WeeDiffGen\WDGSkipLicenseScreen\WDGSkipLicenseScreen.vcxproj", "{6357A0EA-BF93-4427-943A-57369D9D1046}"
EndProject
Project("{8BC9CEB8-8B4A-11D0-8D11-00A0C91BC942}") = "WDGSkipResurrectionButtons", "WeeDiff\WeeDiffGen\WeeDiffGen\WDGSkipResurrectionButtons\WDGSkipResurrectionButtons.vcxproj", "{F77D0AFB-F491-4435-8A95-5E528271EF8C}"
EndProject
Project("{8BC9CEB8-8B4A-11D0-8D11-00A0C91BC942}") = "WDGSkipServiceSelect", "WeeDiff\WeeDiffGen\WeeDiffGen\WDGSkipServiceSelect\WDGSkipServiceSelect.vcxproj", "{7632B416-E6FA-421C-944B-D7CBA194055A}"
EndProject
Project("{8BC9CEB8-8B4A-11D0-8D11-00A0C91BC942}") = "WDGUseCustomAuraSprites", "WeeDiff\WeeDiffGen\WeeDiffGen\WDGUseCustomAuraSprites\WDGUseCustomAuraSprites.vcxproj", "{17FF4CCC-89DA-47CC-B63D-5909F4FC654F}"
EndProject
Project("{8BC9CEB8-8B4A-11D0-8D11-00A0C91BC942}") = "WDGUseNormalGuildBrackets", "WeeDiff\WeeDiffGen\WeeDiffGen\WDGUseNormalGuildBrackets\WDGUseNormalGuildBrackets.vcxproj", "{3761B6BC-B953-4935-8AE9-A55871525C02}"
EndProject
Project("{8BC9CEB8-8B4A-11D0-8D11-00A0C91BC942}") = "WDGUsePlainTextDescriptions", "WeeDiff\WeeDiffGen\WeeDiffGen\WDGUsePlainTextDescriptions\WDGUsePlainTextDescriptions.vcxproj", "{CFCC2D06-77D3-474B-97BE-B41EAA6F2182}"
EndProject
Project("{8BC9CEB8-8B4A-11D0-8D11-00A0C91BC942}") = "WDGUseRagnarokIcon", "WeeDiff\WeeDiffGen\WeeDiffGen\WDGUseRagnarokIcon\WDGUseRagnarokIcon.vcxproj", "{995C94BD-EA9C-4112-945D-4CAAE48E22DB}"
EndProject
Project("{8BC9CEB8-8B4A-11D0-8D11-00A0C91BC942}") = "WDGEnable127Hairstyles", "WeeDiff\WeeDiffGen\WeeDiffGen\WDGEnable127Hairstyles\WDGEnable127Hairstyles.vcxproj", "{965F65C6-C747-4855-B45D-E16075850273}"
EndProject
Project("{8BC9CEB8-8B4A-11D0-8D11-00A0C91BC942}") = "WDGChatAtBug", "WeeDiff\WeeDiffGen\WeeDiffGen\WDGChatAtBug\WDGChatAtBug.vcxproj", "{A744E110-156E-4777-A740-8502273B4119}"
EndProject
Project("{8BC9CEB8-8B4A-11D0-8D11-00A0C91BC942}") = "WDGEnableMultipleGRFExtended", "WeeDiff\WeeDiffGen\WeeDiffGen\WDGEnableMultipleGRFExtended\WDGEnableMultipleGRFExtended.vcxproj", "{5976D201-7056-4892-93FA-A70CADEE2B82}"
EndProject
Project("{8BC9CEB8-8B4A-11D0-8D11-00A0C91BC942}") = "WDGDisableNagleAlgorithm", "WeeDiff\WeeDiffGen\WeeDiffGen\WDGDisableNagleAlgorithm\WDGDisableNagleAlgorithm.vcxproj", "{A4432506-DB0D-4CB7-A82C-449A0F5DCBC3}"
EndProject
Project("{8BC9CEB8-8B4A-11D0-8D11-00A0C91BC942}") = "WDGDisableMultipleWindows", "WeeDiff\WeeDiffGen\WeeDiffGen\WDGDisableMultipleWindows\WDGDisableMultipleWindows.vcxproj", "{52EC6B18-2B3C-41B7-B23F-30F97CCC3317}"
EndProject
Project("{8BC9CEB8-8B4A-11D0-8D11-00A0C91BC942}") = "WDGIgnoreMissingFileErrors", "WeeDiff\WeeDiffGen\WeeDiffGen\WDGIgnoreMissingFileErrors\WDGIgnoreMissingFileErrors.vcxproj", "{A7149DC3-39CD-4903-A73E-195C78AD303F}"
EndProject
Project("{8BC9CEB8-8B4A-11D0-8D11-00A0C91BC942}") = "WDGIgnoreMissingPaletteErrors", "WeeDiff\WeeDiffGen\WeeDiffGen\WDGIgnoreMissingPaletteErrors\WDGIgnoreMissingPaletteErrors.vcxproj", "{3C9E5BD0-47BA-4A3C-BED0-14F602E46AA1}"
EndProject
Project("{8BC9CEB8-8B4A-11D0-8D11-00A0C91BC942}") = "WDGEnableAuraOverLvl99", "WeeDiff\WeeDiffGen\WeeDiffGen\WDGEnableAuraOverLvl99\WDGEnableAuraOverLvl99.vcxproj", "{9EA06438-C101-4908-847A-F1BDFCA05DD1}"
EndProject
Project("{8BC9CEB8-8B4A-11D0-8D11-00A0C91BC942}") = "WDGEnableDNSSupport", "WeeDiff\WeeDiffGen\WeeDiffGen\WDGEnableDNSSupport\WDGEnableDNSSupport.vcxproj", "{22F97C65-4DA2-4CE0-B320-C88F676B5663}"
EndProject
Project("{8BC9CEB8-8B4A-11D0-8D11-00A0C91BC942}") = "WDGEnforceOfficialLoginBackground", "WeeDiff\WeeDiffGen\WeeDiffGen\WDGEnforceOfficialLoginBackground\WDGEnforceOfficialLoginBackground.vcxproj", "{3DA53F6F-6FBC-4366-BF0C-1B50B3F448EC}"
EndProject
Project("{8BC9CEB8-8B4A-11D0-8D11-00A0C91BC942}") = "WDGOnlyFirstLoginBackground", "WeeDiff\WeeDiffGen\WeeDiffGen\WDGOnlyFirstLoginBackground\WDGOnlyFirstLoginBackground.vcxproj", "{1661D956-39B2-4E02-A332-78744A3F043D}"
EndProject
Project("{8BC9CEB8-8B4A-11D0-8D11-00A0C91BC942}") = "WDGOnlySecondLoginBackground", "WeeDiff\WeeDiffGen\WeeDiffGen\WDGOnlySecondLoginBackground\WDGOnlySecondLoginBackground.vcxproj", "{7E168C5F-E4A0-4BE2-A567-9D7ACD897DE9}"
EndProject
Project("{8BC9CEB8-8B4A-11D0-8D11-00A0C91BC942}") = "WDGEnableAsciiInText", "WeeDiff\WeeDiffGen\WeeDiffGen\WDGEnableAsciiInText\WDGEnableAsciiInText.vcxproj", "{5891296D-0DCA-4F18-BBB3-ECA40A1A8A0A}"
EndProject
Project("{8BC9CEB8-8B4A-11D0-8D11-00A0C91BC942}") = "WDGRemoveHourlyGameGrade", "WeeDiff\WeeDiffGen\WeeDiffGen\WDGRemoveHourlyGameGrade\WDGRemoveHourlyGameGrade.vcxproj", "{1C8FC05A-3BD1-41F2-BA91-76C10E5CF908}"
EndProject
Project("{8BC9CEB8-8B4A-11D0-8D11-00A0C91BC942}") = "WDGRemoveHourlyPlaytimeMinder", "WeeDiff\WeeDiffGen\WeeDiffGen\WDGRemoveHourlyPlaytimeMinder\WDGRemoveHourlyPlaytimeMinder.vcxproj", "{46A22494-1EFB-4854-806F-48A45367D1BF}"
EndProject
Project("{8BC9CEB8-8B4A-11D0-8D11-00A0C91BC942}") = "WDGRemoveQuakeSkillEffect", "WeeDiff\WeeDiffGen\WeeDiffGen\WDGRemoveQuakeSkillEffect\WDGRemoveQuakeSkillEffect.vcxproj", "{C8B1D8D3-4E1D-4CA8-BDE3-DD030151C751}"
EndProject
Project("{8BC9CEB8-8B4A-11D0-8D11-00A0C91BC942}") = "WDGSharedBodyPalettes", "WeeDiff\WeeDiffGen\WeeDiffGen\WDGSharedBodyPalettes\WDGSharedBodyPalettes.vcxproj", "{2DBB0D21-9505-4E2B-85B4-51D0D4043D54}"
EndProject
Project("{8BC9CEB8-8B4A-11D0-8D11-00A0C91BC942}") = "WDGSharedHeadPalettes", "WeeDiff\WeeDiffGen\WeeDiffGen\WDGSharedHeadPalettes\WDGSharedHeadPalettes.vcxproj", "{DF686B63-B27A-4645-AA2C-20F3C54A3FD5}"
EndProject
Project("{8BC9CEB8-8B4A-11D0-8D11-00A0C91BC942}") = "WDGSkipPacketHeaderObfuscation", "WeeDiff\WeeDiffGen\WeeDiffGen\WDGSkipPacketHeaderObfuscation\WDGSkipPacketHeaderObfuscation.vcxproj", "{4EB70AE5-2789-4C92-90FF-8590B49CF8C3}"
EndProject
Global
	GlobalSection(SolutionConfigurationPlatforms) = preSolution
		Debug|Win32 = Debug|Win32
		Release|Win32 = Release|Win32
	EndGlobalSection
	GlobalSection(ProjectConfigurationPlatforms) = postSolution
		{EE433D9B-3B6F-468F-9ACD-C664D37E030D}.Debug|Win32.ActiveCfg = Debug|Win32
		{EE433D9B-3B6F-468F-9ACD-C664D37E030D}.Debug|Win32.Build.0 = Debug|Win32
		{EE433D9B-3B6F-468F-9ACD-C664D37E030D}.Release|Win32.ActiveCfg = Release|Win32
		{EE433D9B-3B6F-468F-9ACD-C664D37E030D}.Release|Win32.Build.0 = Release|Win32
		{33DB0806-DF25-49A2-AEED-FB32D4A0B93B}.Debug|Win32.ActiveCfg = Debug|Win32
		{33DB0806-DF25-49A2-AEED-FB32D4A0B93B}.Debug|Win32.Build.0 = Debug|Win32
		{33DB0806-DF25-49A2-AEED-FB32D4A0B93B}.Release|Win32.ActiveCfg = Release|Win32
		{33DB0806-DF25-49A2-AEED-FB32D4A0B93B}.Release|Win32.Build.0 = Release|Win32
		{DB4EEF31-A3E3-4B1B-B4AE-9F3B1FF31726}.Debug|Win32.ActiveCfg = Debug|Win32
		{DB4EEF31-A3E3-4B1B-B4AE-9F3B1FF31726}.Debug|Win32.Build.0 = Debug|Win32
		{DB4EEF31-A3E3-4B1B-B4AE-9F3B1FF31726}.Release|Win32.ActiveCfg = Release|Win32
		{DB4EEF31-A3E3-4B1B-B4AE-9F3B1FF31726}.Release|Win32.Build.0 = Release|Win32
		{649CB795-B877-44EA-B18E-C2F6CA9FBC9B}.Debug|Win32.ActiveCfg = Debug|Win32
		{649CB795-B877-44EA-B18E-C2F6CA9FBC9B}.Debug|Win32.Build.0 = Debug|Win32
		{649CB795-B877-44EA-B18E-C2F6CA9FBC9B}.Release|Win32.ActiveCfg = Release|Win32
		{649CB795-B877-44EA-B18E-C2F6CA9FBC9B}.Release|Win32.Build.0 = Release|Win32
		{EBEF97E1-B383-44CD-AF0B-86CBD0AD4E78}.Debug|Win32.ActiveCfg = Debug|Win32
		{EBEF97E1-B383-44CD-AF0B-86CBD0AD4E78}.Debug|Win32.Build.0 = Debug|Win32
		{EBEF97E1-B383-44CD-AF0B-86CBD0AD4E78}.Release|Win32.ActiveCfg = Release|Win32
		{EBEF97E1-B383-44CD-AF0B-86CBD0AD4E78}.Release|Win32.Build.0 = Release|Win32
		{D15D55EC-574B-4FCF-9F9E-118C992E40D2}.Debug|Win32.ActiveCfg = Debug|Win32
		{D15D55EC-574B-4FCF-9F9E-118C992E40D2}.Debug|Win32.Build.0 = Debug|Win32
		{D15D55EC-574B-4FCF-9F9E-118C992E40D2}.Release|Win32.ActiveCfg = Release|Win32
		{D15D55EC-574B-4FCF-9F9E-118C992E40D2}.Release|Win32.Build.0 = Release|Win32
		{3DA84D20-B038-401E-BF01-5E9646F5D014}.Debug|Win32.ActiveCfg = Debug|Win32
		{3DA84D20-B038-401E-BF01-5E9646F5D014}.Debug|Win32.Build.0 = Debug|Win32
		{3DA84D20-B038-401E-BF01-5E9646F5D014}.Release|Win32.ActiveCfg = Release|Win32
		{3DA84D20-B038-401E-BF01-5E9646F5D014}.Release|Win32.Build.0 = Release|Win32
		{A1459148-5AD4-47F0-9C7C-1120A2F2A827}.Debug|Win32.ActiveCfg = Debug|Win32
		{A1459148-5AD4-47F0-9C7C-1120A2F2A827}.Debug|Win32.Build.0 = Debug|Win32
		{A1459148-5AD4-47F0-9C7C-1120A2F2A827}.Release|Win32.ActiveCfg = Release|Win32
		{A1459148-5AD4-47F0-9C7C-1120A2F2A827}.Release|Win32.Build.0 = Release|Win32
		{C4659A1A-83C9-45F6-9D0E-25235AF0C334}.Debug|Win32.ActiveCfg = Debug|Win32
		{C4659A1A-83C9-45F6-9D0E-25235AF0C334}.Debug|Win32.Build.0 = Debug|Win32
		{C4659A1A-83C9-45F6-9D0E-25235AF0C334}.Release|Win32.ActiveCfg = Release|Win32
		{C4659A1A-83C9-45F6-9D0E-25235AF0C334}.Release|Win32.Build.0 = Release|Win32
		{5F47FFB1-96F1-49B6-8F3D-E70EF796B6E0}.Debug|Win32.ActiveCfg = Debug|Win32
		{5F47FFB1-96F1-49B6-8F3D-E70EF796B6E0}.Debug|Win32.Build.0 = Debug|Win32
		{5F47FFB1-96F1-49B6-8F3D-E70EF796B6E0}.Release|Win32.ActiveCfg = Release|Win32
		{5F47FFB1-96F1-49B6-8F3D-E70EF796B6E0}.Release|Win32.Build.0 = Release|Win32
		{5F94B6F5-E0CE-434C-8203-404EC619FEA9}.Debug|Win32.ActiveCfg = Debug|Win32
		{5F94B6F5-E0CE-434C-8203-404EC619FEA9}.Debug|Win32.Build.0 = Debug|Win32
		{5F94B6F5-E0CE-434C-8203-404EC619FEA9}.Release|Win32.ActiveCfg = Release|Win32
		{5F94B6F5-E0CE-434C-8203-404EC619FEA9}.Release|Win32.Build.0 = Release|Win32
		{FE20B167-2635-4F0D-8E63-1EFF24EB77B8}.Debug|Win32.ActiveCfg = Debug|Win32
		{FE20B167-2635-4F0D-8E63-1EFF24EB77B8}.Debug|Win32.Build.0 = Debug|Win32
		{FE20B167-2635-4F0D-8E63-1EFF24EB77B8}.Release|Win32.ActiveCfg = Release|Win32
		{FE20B167-2635-4F0D-8E63-1EFF24EB77B8}.Release|Win32.Build.0 = Release|Win32
		{5CA4BE01-9AC8-45D8-8619-478C2500BEB4}.Debug|Win32.ActiveCfg = Debug|Win32
		{5CA4BE01-9AC8-45D8-8619-478C2500BEB4}.Debug|Win32.Build.0 = Debug|Win32
		{5CA4BE01-9AC8-45D8-8619-478C2500BEB4}.Release|Win32.ActiveCfg = Release|Win32
		{5CA4BE01-9AC8-45D8-8619-478C2500BEB4}.Release|Win32.Build.0 = Release|Win32
		{338D38B1-ABE1-40C8-9E34-8309948A66CA}.Debug|Win32.ActiveCfg = Debug|Win32
		{338D38B1-ABE1-40C8-9E34-8309948A66CA}.Debug|Win32.Build.0 = Debug|Win32
		{338D38B1-ABE1-40C8-9E34-8309948A66CA}.Release|Win32.ActiveCfg = Release|Win32
		{338D38B1-ABE1-40C8-9E34-8309948A66CA}.Release|Win32.Build.0 = Release|Win32
		{0BC38319-B3D2-49A9-8471-E2DA30A3C526}.Debug|Win32.ActiveCfg = Debug|Win32
		{0BC38319-B3D2-49A9-8471-E2DA30A3C526}.Debug|Win32.Build.0 = Debug|Win32
		{0BC38319-B3D2-49A9-8471-E2DA30A3C526}.Release|Win32.ActiveCfg = Release|Win32
		{0BC38319-B3D2-49A9-8471-E2DA30A3C526}.Release|Win32.Build.0 = Release|Win32
		{93104FD4-91E1-4C02-94EE-2FF178773597}.Debug|Win32.ActiveCfg = Debug|Win32
		{93104FD4-91E1-4C02-94EE-2FF178773597}.Debug|Win32.Build.0 = Debug|Win32
		{93104FD4-91E1-4C02-94EE-2FF178773597}.Release|Win32.ActiveCfg = Release|Win32
		{93104FD4-91E1-4C02-94EE-2FF178773597}.Release|Win32.Build.0 = Release|Win32
		{495435A6-CEED-4D63-A21F-B545677D18CF}.Debug|Win32.ActiveCfg = Debug|Win32
		{495435A6-CEED-4D63-A21F-B545677D18CF}.Debug|Win32.Build.0 = Debug|Win32
		{495435A6-CEED-4D63-A21F-B545677D18CF}.Release|Win32.ActiveCfg = Release|Win32
		{495435A6-CEED-4D63-A21F-B545677D18CF}.Release|Win32.Build.0 = Release|Win32
		{7A2F3F22-B90B-457E-92FA-BB755FFBE393}.Debug|Win32.ActiveCfg = Debug|Win32
		{7A2F3F22-B90B-457E-92FA-BB755FFBE393}.Debug|Win32.Build.0 = Debug|Win32
		{7A2F3F22-B90B-457E-92FA-BB755FFBE393}.Release|Win32.ActiveCfg = Release|Win32
		{7A2F3F22-B90B-457E-92FA-BB755FFBE393}.Release|Win32.Build.0 = Release|Win32
		{53169EB2-9862-40B1-8F66-ABC67D68AEFA}.Debug|Win32.ActiveCfg = Debug|Win32
		{53169EB2-9862-40B1-8F66-ABC67D68AEFA}.Debug|Win32.Build.0 = Debug|Win32
		{53169EB2-9862-40B1-8F66-ABC67D68AEFA}.Release|Win32.ActiveCfg = Release|Win32
		{53169EB2-9862-40B1-8F66-ABC67D68AEFA}.Release|Win32.Build.0 = Release|Win32
		{02B19A82-07EB-4C30-BA98-ABC662A35F45}.Debug|Win32.ActiveCfg = Debug|Win32
		{02B19A82-07EB-4C30-BA98-ABC662A35F45}.Debug|Win32.Build.0 = Debug|Win32
		{02B19A82-07EB-4C30-BA98-ABC662A35F45}.Release|Win32.ActiveCfg = Release|Win32
		{02B19A82-07EB-4C30-BA98-ABC662A35F45}.Release|Win32.Build.0 = Release|Win32
		{4CA3E0AA-A3C4-4CEB-B92F-048AC5BC68B6}.Debug|Win32.ActiveCfg = Debug|Win32
		{4CA3E0AA-A3C4-4CEB-B92F-048AC5BC68B6}.Debug|Win32.Build.0 = Debug|Win32
		{4CA3E0AA-A3C4-4CEB-B92F-048AC5BC68B6}.Release|Win32.ActiveCfg = Release|Win32
		{4CA3E0AA-A3C4-4CEB-B92F-048AC5BC68B6}.Release|Win32.Build.0 = Release|Win32
		{20601DAD-FCB7-4B09-9D85-3E6E69269AFB}.Debug|Win32.ActiveCfg = Debug|Win32
		{20601DAD-FCB7-4B09-9D85-3E6E69269AFB}.Debug|Win32.Build.0 = Debug|Win32
		{20601DAD-FCB7-4B09-9D85-3E6E69269AFB}.Release|Win32.ActiveCfg = Release|Win32
		{20601DAD-FCB7-4B09-9D85-3E6E69269AFB}.Release|Win32.Build.0 = Release|Win32
		{1DCB2F1D-4EFB-48FF-8B35-A712F968B1FF}.Debug|Win32.ActiveCfg = Debug|Win32
		{1DCB2F1D-4EFB-48FF-8B35-A712F968B1FF}.Debug|Win32.Build.0 = Debug|Win32
		{1DCB2F1D-4EFB-48FF-8B35-A712F968B1FF}.Release|Win32.ActiveCfg = Release|Win32
		{1DCB2F1D-4EFB-48FF-8B35-A712F968B1FF}.Release|Win32.Build.0 = Release|Win32
		{55FDE174-BC4B-4309-ACE6-15AA0E118BAB}.Debug|Win32.ActiveCfg = Debug|Win32
		{55FDE174-BC4B-4309-ACE6-15AA0E118BAB}.Debug|Win32.Build.0 = Debug|Win32
		{55FDE174-BC4B-4309-ACE6-15AA0E118BAB}.Release|Win32.ActiveCfg = Release|Win32
		{55FDE174-BC4B-4309-ACE6-15AA0E118BAB}.Release|Win32.Build.0 = Release|Win32
		{7D6F26BC-B8E3-44C8-9342-65D71C1F2F0A}.Debug|Win32.ActiveCfg = Debug|Win32
		{7D6F26BC-B8E3-44C8-9342-65D71C1F2F0A}.Debug|Win32.Build.0 = Debug|Win32
		{7D6F26BC-B8E3-44C8-9342-65D71C1F2F0A}.Release|Win32.ActiveCfg = Release|Win32
		{7D6F26BC-B8E3-44C8-9342-65D71C1F2F0A}.Release|Win32.Build.0 = Release|Win32
		{917A49F1-ABAB-4D20-AA8E-97DABBBAEED6}.Debug|Win32.ActiveCfg = Debug|Win32
		{917A49F1-ABAB-4D20-AA8E-97DABBBAEED6}.Debug|Win32.Build.0 = Debug|Win32
		{917A49F1-ABAB-4D20-AA8E-97DABBBAEED6}.Release|Win32.ActiveCfg = Release|Win32
		{917A49F1-ABAB-4D20-AA8E-97DABBBAEED6}.Release|Win32.Build.0 = Release|Win32
		{E19101C9-C8B2-426C-AEAF-67C9A2DCE066}.Debug|Win32.ActiveCfg = Debug|Win32
		{E19101C9-C8B2-426C-AEAF-67C9A2DCE066}.Debug|Win32.Build.0 = Debug|Win32
		{E19101C9-C8B2-426C-AEAF-67C9A2DCE066}.Release|Win32.ActiveCfg = Release|Win32
		{E19101C9-C8B2-426C-AEAF-67C9A2DCE066}.Release|Win32.Build.0 = Release|Win32
		{03230BCB-6A20-4E2B-BE8D-1F961E86F44A}.Debug|Win32.ActiveCfg = Debug|Win32
		{03230BCB-6A20-4E2B-BE8D-1F961E86F44A}.Debug|Win32.Build.0 = Debug|Win32
		{03230BCB-6A20-4E2B-BE8D-1F961E86F44A}.Release|Win32.ActiveCfg = Release|Win32
		{03230BCB-6A20-4E2B-BE8D-1F961E86F44A}.Release|Win32.Build.0 = Release|Win32
		{EB2547B9-4D70-4A7D-A513-2F73B8997E7D}.Debug|Win32.ActiveCfg = Debug|Win32
		{EB2547B9-4D70-4A7D-A513-2F73B8997E7D}.Debug|Win32.Build.0 = Debug|Win32
		{EB2547B9-4D70-4A7D-A513-2F73B8997E7D}.Release|Win32.ActiveCfg = Release|Win32
		{EB2547B9-4D70-4A7D-A513-2F73B8997E7D}.Release|Win32.Build.0 = Release|Win32
		{9DD5109A-5E72-4C23-9B68-BD5A7EE4E4D8}.Debug|Win32.ActiveCfg = Debug|Win32
		{9DD5109A-5E72-4C23-9B68-BD5A7EE4E4D8}.Debug|Win32.Build.0 = Debug|Win32
		{9DD5109A-5E72-4C23-9B68-BD5A7EE4E4D8}.Release|Win32.ActiveCfg = Release|Win32
		{9DD5109A-5E72-4C23-9B68-BD5A7EE4E4D8}.Release|Win32.Build.0 = Release|Win32
		{525D3404-3998-4368-BDDD-9EC85FDD2DC8}.Debug|Win32.ActiveCfg = Debug|Win32
		{525D3404-3998-4368-BDDD-9EC85FDD2DC8}.Debug|Win32.Build.0 = Debug|Win32
		{525D3404-3998-4368-BDDD-9EC85FDD2DC8}.Release|Win32.ActiveCfg = Release|Win32
		{525D3404-3998-4368-BDDD-9EC85FDD2DC8}.Release|Win32.Build.0 = Release|Win32
		{35E0249A-3B5E-4225-A854-5A3E8CD491F5}.Debug|Win32.ActiveCfg = Debug|Win32
		{35E0249A-3B5E-4225-A854-5A3E8CD491F5}.Debug|Win32.Build.0 = Debug|Win32
		{35E0249A-3B5E-4225-A854-5A3E8CD491F5}.Release|Win32.ActiveCfg = Release|Win32
		{35E0249A-3B5E-4225-A854-5A3E8CD491F5}.Release|Win32.Build.0 = Release|Win32
		{EB21D561-5E3E-400C-A56E-D949E0C3582A}.Debug|Win32.ActiveCfg = Debug|Win32
		{EB21D561-5E3E-400C-A56E-D949E0C3582A}.Debug|Win32.Build.0 = Debug|Win32
		{EB21D561-5E3E-400C-A56E-D949E0C3582A}.Release|Win32.ActiveCfg = Release|Win32
		{EB21D561-5E3E-400C-A56E-D949E0C3582A}.Release|Win32.Build.0 = Release|Win32
		{9DDF54D4-4029-4595-94FB-E7CE440AE95C}.Debug|Win32.ActiveCfg = Debug|Win32
		{9DDF54D4-4029-4595-94FB-E7CE440AE95C}.Debug|Win32.Build.0 = Debug|Win32
		{9DDF54D4-4029-4595-94FB-E7CE440AE95C}.Release|Win32.ActiveCfg = Release|Win32
		{9DDF54D4-4029-4595-94FB-E7CE440AE95C}.Release|Win32.Build.0 = Release|Win32
		{1AF89733-5804-4029-9564-B266DFDBF7A4}.Debug|Win32.ActiveCfg = Debug|Win32
		{1AF89733-5804-4029-9564-B266DFDBF7A4}.Debug|Win32.Build.0 = Debug|Win32
		{1AF89733-5804-4029-9564-B266DFDBF7A4}.Release|Win32.ActiveCfg = Release|Win32
		{1AF89733-5804-4029-9564-B266DFDBF7A4}.Release|Win32.Build.0 = Release|Win32
		{BBD1FEF3-0196-4BF4-919E-214889C473BC}.Debug|Win32.ActiveCfg = Debug|Win32
		{BBD1FEF3-0196-4BF4-919E-214889C473BC}.Debug|Win32.Build.0 = Debug|Win32
		{BBD1FEF3-0196-4BF4-919E-214889C473BC}.Release|Win32.ActiveCfg = Release|Win32
		{BBD1FEF3-0196-4BF4-919E-214889C473BC}.Release|Win32.Build.0 = Release|Win32
		{6357A0EA-BF93-4427-943A-57369D9D1046}.Debug|Win32.ActiveCfg = Debug|Win32
		{6357A0EA-BF93-4427-943A-57369D9D1046}.Debug|Win32.Build.0 = Debug|Win32
		{6357A0EA-BF93-4427-943A-57369D9D1046}.Release|Win32.ActiveCfg = Release|Win32
		{6357A0EA-BF93-4427-943A-57369D9D1046}.Release|Win32.Build.0 = Release|Win32
		{F77D0AFB-F491-4435-8A95-5E528271EF8C}.Debug|Win32.ActiveCfg = Debug|Win32
		{F77D0AFB-F491-4435-8A95-5E528271EF8C}.Debug|Win32.Build.0 = Debug|Win32
		{F77D0AFB-F491-4435-8A95-5E528271EF8C}.Release|Win32.ActiveCfg = Release|Win32
		{F77D0AFB-F491-4435-8A95-5E528271EF8C}.Release|Win32.Build.0 = Release|Win32
		{7632B416-E6FA-421C-944B-D7CBA194055A}.Debug|Win32.ActiveCfg = Debug|Win32
		{7632B416-E6FA-421C-944B-D7CBA194055A}.Debug|Win32.Build.0 = Debug|Win32
		{7632B416-E6FA-421C-944B-D7CBA194055A}.Release|Win32.ActiveCfg = Release|Win32
		{7632B416-E6FA-421C-944B-D7CBA194055A}.Release|Win32.Build.0 = Release|Win32
		{17FF4CCC-89DA-47CC-B63D-5909F4FC654F}.Debug|Win32.ActiveCfg = Debug|Win32
		{17FF4CCC-89DA-47CC-B63D-5909F4FC654F}.Debug|Win32.Build.0 = Debug|Win32
		{17FF4CCC-89DA-47CC-B63D-5909F4FC654F}.Release|Win32.ActiveCfg = Release|Win32
		{17FF4CCC-89DA-47CC-B63D-5909F4FC654F}.Release|Win32.Build.0 = Release|Win32
		{3761B6BC-B953-4935-8AE9-A55871525C02}.Debug|Win32.ActiveCfg = Debug|Win32
		{3761B6BC-B953-4935-8AE9-A55871525C02}.Debug|Win32.Build.0 = Debug|Win32
		{3761B6BC-B953-4935-8AE9-A55871525C02}.Release|Win32.ActiveCfg = Release|Win32
		{3761B6BC-B953-4935-8AE9-A55871525C02}.Release|Win32.Build.0 = Release|Win32
		{CFCC2D06-77D3-474B-97BE-B41EAA6F2182}.Debug|Win32.ActiveCfg = Debug|Win32
		{CFCC2D06-77D3-474B-97BE-B41EAA6F2182}.Debug|Win32.Build.0 = Debug|Win32
		{CFCC2D06-77D3-474B-97BE-B41EAA6F2182}.Release|Win32.ActiveCfg = Release|Win32
		{CFCC2D06-77D3-474B-97BE-B41EAA6F2182}.Release|Win32.Build.0 = Release|Win32
		{995C94BD-EA9C-4112-945D-4CAAE48E22DB}.Debug|Win32.ActiveCfg = Debug|Win32
		{995C94BD-EA9C-4112-945D-4CAAE48E22DB}.Debug|Win32.Build.0 = Debug|Win32
		{995C94BD-EA9C-4112-945D-4CAAE48E22DB}.Release|Win32.ActiveCfg = Release|Win32
		{995C94BD-EA9C-4112-945D-4CAAE48E22DB}.Release|Win32.Build.0 = Release|Win32
		{965F65C6-C747-4855-B45D-E16075850273}.Debug|Win32.ActiveCfg = Debug|Win32
		{965F65C6-C747-4855-B45D-E16075850273}.Debug|Win32.Build.0 = Debug|Win32
		{965F65C6-C747-4855-B45D-E16075850273}.Release|Win32.ActiveCfg = Release|Win32
		{965F65C6-C747-4855-B45D-E16075850273}.Release|Win32.Build.0 = Release|Win32
		{A744E110-156E-4777-A740-8502273B4119}.Debug|Win32.ActiveCfg = Debug|Win32
		{A744E110-156E-4777-A740-8502273B4119}.Debug|Win32.Build.0 = Debug|Win32
		{A744E110-156E-4777-A740-8502273B4119}.Release|Win32.ActiveCfg = Release|Win32
		{A744E110-156E-4777-A740-8502273B4119}.Release|Win32.Build.0 = Release|Win32
		{5976D201-7056-4892-93FA-A70CADEE2B82}.Debug|Win32.ActiveCfg = Debug|Win32
		{5976D201-7056-4892-93FA-A70CADEE2B82}.Debug|Win32.Build.0 = Debug|Win32
		{5976D201-7056-4892-93FA-A70CADEE2B82}.Release|Win32.ActiveCfg = Release|Win32
		{5976D201-7056-4892-93FA-A70CADEE2B82}.Release|Win32.Build.0 = Release|Win32
		{A4432506-DB0D-4CB7-A82C-449A0F5DCBC3}.Debug|Win32.ActiveCfg = Debug|Win32
		{A4432506-DB0D-4CB7-A82C-449A0F5DCBC3}.Debug|Win32.Build.0 = Debug|Win32
		{A4432506-DB0D-4CB7-A82C-449A0F5DCBC3}.Release|Win32.ActiveCfg = Release|Win32
		{A4432506-DB0D-4CB7-A82C-449A0F5DCBC3}.Release|Win32.Build.0 = Release|Win32
		{52EC6B18-2B3C-41B7-B23F-30F97CCC3317}.Debug|Win32.ActiveCfg = Debug|Win32
		{52EC6B18-2B3C-41B7-B23F-30F97CCC3317}.Debug|Win32.Build.0 = Debug|Win32
		{52EC6B18-2B3C-41B7-B23F-30F97CCC3317}.Release|Win32.ActiveCfg = Release|Win32
		{52EC6B18-2B3C-41B7-B23F-30F97CCC3317}.Release|Win32.Build.0 = Release|Win32
		{A7149DC3-39CD-4903-A73E-195C78AD303F}.Debug|Win32.ActiveCfg = Debug|Win32
		{A7149DC3-39CD-4903-A73E-195C78AD303F}.Debug|Win32.Build.0 = Debug|Win32
		{A7149DC3-39CD-4903-A73E-195C78AD303F}.Release|Win32.ActiveCfg = Release|Win32
		{A7149DC3-39CD-4903-A73E-195C78AD303F}.Release|Win32.Build.0 = Release|Win32
		{3C9E5BD0-47BA-4A3C-BED0-14F602E46AA1}.Debug|Win32.ActiveCfg = Debug|Win32
		{3C9E5BD0-47BA-4A3C-BED0-14F602E46AA1}.Debug|Win32.Build.0 = Debug|Win32
		{3C9E5BD0-47BA-4A3C-BED0-14F602E46AA1}.Release|Win32.ActiveCfg = Release|Win32
		{3C9E5BD0-47BA-4A3C-BED0-14F602E46AA1}.Release|Win32.Build.0 = Release|Win32
		{9EA06438-C101-4908-847A-F1BDFCA05DD1}.Debug|Win32.ActiveCfg = Debug|Win32
		{9EA06438-C101-4908-847A-F1BDFCA05DD1}.Debug|Win32.Build.0 = Debug|Win32
		{9EA06438-C101-4908-847A-F1BDFCA05DD1}.Release|Win32.ActiveCfg = Release|Win32
		{9EA06438-C101-4908-847A-F1BDFCA05DD1}.Release|Win32.Build.0 = Release|Win32
		{22F97C65-4DA2-4CE0-B320-C88F676B5663}.Debug|Win32.ActiveCfg = Debug|Win32
		{22F97C65-4DA2-4CE0-B320-C88F676B5663}.Debug|Win32.Build.0 = Debug|Win32
		{22F97C65-4DA2-4CE0-B320-C88F676B5663}.Release|Win32.ActiveCfg = Release|Win32
		{22F97C65-4DA2-4CE0-B320-C88F676B5663}.Release|Win32.Build.0 = Release|Win32
		{3DA53F6F-6FBC-4366-BF0C-1B50B3F448EC}.Debug|Win32.ActiveCfg = Debug|Win32
		{3DA53F6F-6FBC-4366-BF0C-1B50B3F448EC}.Debug|Win32.Build.0 = Debug|Win32
		{3DA53F6F-6FBC-4366-BF0C-1B50B3F448EC}.Release|Win32.ActiveCfg = Release|Win32
		{3DA53F6F-6FBC-4366-BF0C-1B50B3F448EC}.Release|Win32.Build.0 = Release|Win32
		{1661D956-39B2-4E02-A332-78744A3F043D}.Debug|Win32.ActiveCfg = Debug|Win32
		{1661D956-39B2-4E02-A332-78744A3F043D}.Debug|Win32.Build.0 = Debug|Win32
		{1661D956-39B2-4E02-A332-78744A3F043D}.Release|Win32.ActiveCfg = Release|Win32
		{1661D956-39B2-4E02-A332-78744A3F043D}.Release|Win32.Build.0 = Release|Win32
		{7E168C5F-E4A0-4BE2-A567-9D7ACD897DE9}.Debug|Win32.ActiveCfg = Debug|Win32
		{7E168C5F-E4A0-4BE2-A567-9D7ACD897DE9}.Debug|Win32.Build.0 = Debug|Win32
		{7E168C5F-E4A0-4BE2-A567-9D7ACD897DE9}.Release|Win32.ActiveCfg = Release|Win32
		{7E168C5F-E4A0-4BE2-A567-9D7ACD897DE9}.Release|Win32.Build.0 = Release|Win32
		{5891296D-0DCA-4F18-BBB3-ECA40A1A8A0A}.Debug|Win32.ActiveCfg = Debug|Win32
		{5891296D-0DCA-4F18-BBB3-ECA40A1A8A0A}.Debug|Win32.Build.0 = Debug|Win32
		{5891296D-0DCA-4F18-BBB3-ECA40A1A8A0A}.Release|Win32.ActiveCfg = Release|Win32
		{5891296D-0DCA-4F18-BBB3-ECA40A1A8A0A}.Release|Win32.Build.0 = Release|Win32
		{1C8FC05A-3BD1-41F2-BA91-76C10E5CF908}.Debug|Win32.ActiveCfg = Debug|Win32
		{1C8FC05A-3BD1-41F2-BA91-76C10E5CF908}.Debug|Win32.Build.0 = Debug|Win32
		{1C8FC05A-3BD1-41F2-BA91-76C10E5CF908}.Release|Win32.ActiveCfg = Release|Win32
		{1C8FC05A-3BD1-41F2-BA91-76C10E5CF908}.Release|Win32.Build.0 = Release|Win32
		{46A22494-1EFB-4854-806F-48A45367D1BF}.Debug|Win32.ActiveCfg = Debug|Win32
		{46A22494-1EFB-4854-806F-48A45367D1BF}.Debug|Win32.Build.0 = Debug|Win32
		{46A22494-1EFB-4854-806F-48A45367D1BF}.Release|Win32.ActiveCfg = Release|Win32
		{46A22494-1EFB-4854-806F-48A45367D1BF}.Release|Win32.Build.0 = Release|Win32
		{C8B1D8D3-4E1D-4CA8-BDE3-DD030151C751}.Debug|Win32.ActiveCfg = Debug|Win32
		{C8B1D8D3-4E1D-4CA8-BDE3-DD030151C751}.Debug|Win32.Build.0 = Debug|Win32
		{C8B1D8D3-4E1D-4CA8-BDE3-DD030151C751}.Release|Win32.ActiveCfg = Release|Win32
		{C8B1D8D3-4E1D-4CA8-BDE3-DD030151C751}.Release|Win32.Build.0 = Release|Win32
		{2DBB0D21-9505-4E2B-85B4-51D0D4043D54}.Debug|Win32.ActiveCfg = Debug|Win32
		{2DBB0D21-9505-4E2B-85B4-51D0D4043D54}.Debug|Win32.Build.0 = Debug|Win32
		{2DBB0D21-9505-4E2B-85B4-51D0D4043D54}.Release|Win32.ActiveCfg = Release|Win32
		{2DBB0D21-9505-4E2B-85B4-51D0D4043D54}.Release|Win32.Build.0 = Release|Win32
		{DF686B63-B27A-4645-AA2C-20F3C54A3FD5}.Debug|Win32.ActiveCfg = Debug|Win32
		{DF686B63-B27A-4645-AA2C-20F3C54A3FD5}.Debug|Win32.Build.0 = Debug|Win32
		{DF686B63-B27A-4645-AA2C-20F3C54A3FD5}.Release|Win32.ActiveCfg = Release|Win32
		{DF686B63-B27A-4645-AA2C-20F3C54A3FD5}.Release|Win32.Build.0 = Release|Win32
		{4EB70AE5-2789-4C92-90FF-8590B49CF8C3}.Debug|Win32.ActiveCfg = Debug|Win32
		{4EB70AE5-2789-4C92-90FF-8590B49CF8C3}.Debug|Win32.Build.0 = Debug|Win32
		{4EB70AE5-2789-4C92-90FF-8590B49CF8C3}.Release|Win32.ActiveCfg = Release|Win32
		{4EB70AE5-2789-4C92-90FF-8590B49CF8C3}.Release|Win32.Build.0 = Release|Win32
	EndGlobalSection
	GlobalSection(SolutionProperties) = preSolution
		HideSolutionNode = FALSE
	EndGlobalSection
	GlobalSection(NestedProjects) = preSolution
		{649CB795-B877-44EA-B18E-C2F6CA9FBC9B} = {F617A8DA-86F5-4F4F-B542-4BDADB263210}
		{EBEF97E1-B383-44CD-AF0B-86CBD0AD4E78} = {F617A8DA-86F5-4F4F-B542-4BDADB263210}
		{D15D55EC-574B-4FCF-9F9E-118C992E40D2} = {F617A8DA-86F5-4F4F-B542-4BDADB263210}
		{3DA84D20-B038-401E-BF01-5E9646F5D014} = {F617A8DA-86F5-4F4F-B542-4BDADB263210}
		{A1459148-5AD4-47F0-9C7C-1120A2F2A827} = {F617A8DA-86F5-4F4F-B542-4BDADB263210}
		{C4659A1A-83C9-45F6-9D0E-25235AF0C334} = {F617A8DA-86F5-4F4F-B542-4BDADB263210}
		{5F47FFB1-96F1-49B6-8F3D-E70EF796B6E0} = {F617A8DA-86F5-4F4F-B542-4BDADB263210}
		{5F94B6F5-E0CE-434C-8203-404EC619FEA9} = {F617A8DA-86F5-4F4F-B542-4BDADB263210}
		{FE20B167-2635-4F0D-8E63-1EFF24EB77B8} = {F617A8DA-86F5-4F4F-B542-4BDADB263210}
		{5CA4BE01-9AC8-45D8-8619-478C2500BEB4} = {F617A8DA-86F5-4F4F-B542-4BDADB263210}
		{338D38B1-ABE1-40C8-9E34-8309948A66CA} = {F617A8DA-86F5-4F4F-B542-4BDADB263210}
		{0BC38319-B3D2-49A9-8471-E2DA30A3C526} = {F617A8DA-86F5-4F4F-B542-4BDADB263210}
		{93104FD4-91E1-4C02-94EE-2FF178773597} = {F617A8DA-86F5-4F4F-B542-4BDADB263210}
		{495435A6-CEED-4D63-A21F-B545677D18CF} = {F617A8DA-86F5-4F4F-B542-4BDADB263210}
		{7A2F3F22-B90B-457E-92FA-BB755FFBE393} = {F617A8DA-86F5-4F4F-B542-4BDADB263210}
		{53169EB2-9862-40B1-8F66-ABC67D68AEFA} = {F617A8DA-86F5-4F4F-B542-4BDADB263210}
		{02B19A82-07EB-4C30-BA98-ABC662A35F45} = {F617A8DA-86F5-4F4F-B542-4BDADB263210}
		{4CA3E0AA-A3C4-4CEB-B92F-048AC5BC68B6} = {F617A8DA-86F5-4F4F-B542-4BDADB263210}
		{20601DAD-FCB7-4B09-9D85-3E6E69269AFB} = {F617A8DA-86F5-4F4F-B542-4BDADB263210}
		{1DCB2F1D-4EFB-48FF-8B35-A712F968B1FF} = {F617A8DA-86F5-4F4F-B542-4BDADB263210}
		{55FDE174-BC4B-4309-ACE6-15AA0E118BAB} = {F617A8DA-86F5-4F4F-B542-4BDADB263210}
		{7D6F26BC-B8E3-44C8-9342-65D71C1F2F0A} = {F617A8DA-86F5-4F4F-B542-4BDADB263210}
		{917A49F1-ABAB-4D20-AA8E-97DABBBAEED6} = {F617A8DA-86F5-4F4F-B542-4BDADB263210}
		{E19101C9-C8B2-426C-AEAF-67C9A2DCE066} = {F617A8DA-86F5-4F4F-B542-4BDADB263210}
		{03230BCB-6A20-4E2B-BE8D-1F961E86F44A} = {F617A8DA-86F5-4F4F-B542-4BDADB263210}
		{EB2547B9-4D70-4A7D-A513-2F73B8997E7D} = {F617A8DA-86F5-4F4F-B542-4BDADB263210}
		{9DD5109A-5E72-4C23-9B68-BD5A7EE4E4D8} = {F617A8DA-86F5-4F4F-B542-4BDADB263210}
		{525D3404-3998-4368-BDDD-9EC85FDD2DC8} = {F617A8DA-86F5-4F4F-B542-4BDADB263210}
		{35E0249A-3B5E-4225-A854-5A3E8CD491F5} = {F617A8DA-86F5-4F4F-B542-4BDADB263210}
		{EB21D561-5E3E-400C-A56E-D949E0C3582A} = {F617A8DA-86F5-4F4F-B542-4BDADB263210}
		{9DDF54D4-4029-4595-94FB-E7CE440AE95C} = {F617A8DA-86F5-4F4F-B542-4BDADB263210}
		{1AF89733-5804-4029-9564-B266DFDBF7A4} = {F617A8DA-86F5-4F4F-B542-4BDADB263210}
		{BBD1FEF3-0196-4BF4-919E-214889C473BC} = {F617A8DA-86F5-4F4F-B542-4BDADB263210}
		{6357A0EA-BF93-4427-943A-57369D9D1046} = {F617A8DA-86F5-4F4F-B542-4BDADB263210}
		{F77D0AFB-F491-4435-8A95-5E528271EF8C} = {F617A8DA-86F5-4F4F-B542-4BDADB263210}
		{7632B416-E6FA-421C-944B-D7CBA194055A} = {F617A8DA-86F5-4F4F-B542-4BDADB263210}
		{E6D35D40-EBE3-4093-BE59-FE4B4AC70480} = {F617A8DA-86F5-4F4F-B542-4BDADB263210}
		{7544A274-5D53-43DC-9740-F529E2F65B83} = {F617A8DA-86F5-4F4F-B542-4BDADB263210}
		{17FF4CCC-89DA-47CC-B63D-5909F4FC654F} = {F617A8DA-86F5-4F4F-B542-4BDADB263210}
		{3761B6BC-B953-4935-8AE9-A55871525C02} = {F617A8DA-86F5-4F4F-B542-4BDADB263210}
		{CFCC2D06-77D3-474B-97BE-B41EAA6F2182} = {F617A8DA-86F5-4F4F-B542-4BDADB263210}
		{995C94BD-EA9C-4112-945D-4CAAE48E22DB} = {F617A8DA-86F5-4F4F-B542-4BDADB263210}
		{965F65C6-C747-4855-B45D-E16075850273} = {F617A8DA-86F5-4F4F-B542-4BDADB263210}
		{A744E110-156E-4777-A740-8502273B4119} = {F617A8DA-86F5-4F4F-B542-4BDADB263210}
		{5976D201-7056-4892-93FA-A70CADEE2B82} = {F617A8DA-86F5-4F4F-B542-4BDADB263210}
		{A4432506-DB0D-4CB7-A82C-449A0F5DCBC3} = {F617A8DA-86F5-4F4F-B542-4BDADB263210}
		{52EC6B18-2B3C-41B7-B23F-30F97CCC3317} = {F617A8DA-86F5-4F4F-B542-4BDADB263210}
		{A7149DC3-39CD-4903-A73E-195C78AD303F} = {F617A8DA-86F5-4F4F-B542-4BDADB263210}
		{3C9E5BD0-47BA-4A3C-BED0-14F602E46AA1} = {F617A8DA-86F5-4F4F-B542-4BDADB263210}
		{9EA06438-C101-4908-847A-F1BDFCA05DD1} = {F617A8DA-86F5-4F4F-B542-4BDADB263210}
		{22F97C65-4DA2-4CE0-B320-C88F676B5663} = {F617A8DA-86F5-4F4F-B542-4BDADB263210}
		{3DA53F6F-6FBC-4366-BF0C-1B50B3F448EC} = {F617A8DA-86F5-4F4F-B542-4BDADB263210}
		{1661D956-39B2-4E02-A332-78744A3F043D} = {F617A8DA-86F5-4F4F-B542-4BDADB263210}
		{7E168C5F-E4A0-4BE2-A567-9D7ACD897DE9} = {F617A8DA-86F5-4F4F-B542-4BDADB263210}
		{5891296D-0DCA-4F18-BBB3-ECA40A1A8A0A} = {F617A8DA-86F5-4F4F-B542-4BDADB263210}
		{1C8FC05A-3BD1-41F2-BA91-76C10E5CF908} = {F617A8DA-86F5-4F4F-B542-4BDADB263210}
		{46A22494-1EFB-4854-806F-48A45367D1BF} = {F617A8DA-86F5-4F4F-B542-4BDADB263210}
		{C8B1D8D3-4E1D-4CA8-BDE3-DD030151C751} = {F617A8DA-86F5-4F4F-B542-4BDADB263210}
		{2DBB0D21-9505-4E2B-85B4-51D0D4043D54} = {F617A8DA-86F5-4F4F-B542-4BDADB263210}
		{DF686B63-B27A-4645-AA2C-20F3C54A3FD5} = {F617A8DA-86F5-4F4F-B542-4BDADB263210}
		{4EB70AE5-2789-4C92-90FF-8590B49CF8C3} = {F617A8DA-86F5-4F4F-B542-4BDADB263210}
	EndGlobalSection
EndGlobal
